
Microsoft Visual Studio Solution File, Format Version 12.00
# Visual Studio Version 17
VisualStudioVersion = 17.7.34009.444
MinimumVisualStudioVersion = 10.0.40219.1
Project("{FAE04EC0-301F-11D3-BF4B-00C04F79EFBC}") = "Start_C#_HW2", "Start_C#_HW2.csproj", "{57EB879C-581D-4439-8ABE-70E9638DAB13}"
EndProject
Global
	GlobalSection(SolutionConfigurationPlatforms) = preSolution
		Debug|Any CPU = Debug|Any CPU
		Release|Any CPU = Release|Any CPU
	EndGlobalSection
	GlobalSection(ProjectConfigurationPlatforms) = postSolution
		{57EB879C-581D-4439-8ABE-70E9638DAB13}.Debug|Any CPU.ActiveCfg = Debug|Any CPU
		{57EB879C-581D-4439-8ABE-70E9638DAB13}.Debug|Any CPU.Build.0 = Debug|Any CPU
		{57EB879C-581D-4439-8ABE-70E9638DAB13}.Release|Any CPU.ActiveCfg = Release|Any CPU
		{57EB879C-581D-4439-8ABE-70E9638DAB13}.Release|Any CPU.Build.0 = Release|Any CPU
	EndGlobalSection
	GlobalSection(SolutionProperties) = preSolution
		HideSolutionNode = FALSE
	EndGlobalSection
	GlobalSection(ExtensibilityGlobals) = postSolution
		SolutionGuid = {78570D56-A1FF-46D1-86A3-18A0BD6325CE}
	EndGlobalSection
EndGlobal
